{
    "version": 3,
    "terraform_version": "0.11.10",
    "serial": 4,
    "lineage": "592bd83c-0fb0-a76c-5b3a-43a0fd438a51",
    "modules": [
        {
            "path": [
                "root"
            ],
            "outputs": {},
            "resources": {
                "data.google_project.project": {
                    "type": "google_project",
                    "depends_on": [],
                    "primary": {
                        "id": "everon-test6",
                        "attributes": {
                            "app_engine.#": "0",
                            "billing_account": "0066C9-E2F3C0-3550A5",
                            "folder_id": "",
                            "id": "everon-test6",
                            "labels.%": "0",
                            "name": "everon-test6",
                            "number": "1007469995248",
                            "org_id": "416135406413",
                            "project_id": "everon-test6"
                        },
                        "meta": {},
                        "tainted": false
                    },
                    "deposed": [],
                    "provider": "provider.google"
                },
                "google_container_cluster.primary": {
                    "type": "google_container_cluster",
                    "depends_on": [
                        "data.google_project.project"
                    ],
                    "primary": {
                        "id": "everon-test6",
                        "attributes": {
                            "additional_zones.#": "0",
                            "addons_config.#": "1",
                            "addons_config.0.horizontal_pod_autoscaling.#": "0",
                            "addons_config.0.http_load_balancing.#": "0",
                            "addons_config.0.kubernetes_dashboard.#": "1",
                            "addons_config.0.kubernetes_dashboard.0.disabled": "true",
                            "addons_config.0.network_policy_config.#": "1",
                            "addons_config.0.network_policy_config.0.disabled": "true",
                            "cluster_autoscaling.#": "0",
                            "cluster_ipv4_cidr": "10.16.0.0/14",
                            "description": "",
                            "enable_kubernetes_alpha": "false",
                            "enable_legacy_abac": "false",
                            "endpoint": "35.188.191.109",
                            "id": "everon-test6",
                            "initial_node_count": "2",
                            "instance_group_urls.#": "1",
                            "instance_group_urls.0": "https://www.googleapis.com/compute/v1/projects/everon-test6/zones/us-central1-a/instanceGroups/gke-everon-test6-default-pool-432b8a08-grp",
                            "ip_allocation_policy.#": "0",
                            "location": "us-central1-a",
                            "logging_service": "logging.googleapis.com",
                            "maintenance_policy.#": "0",
                            "master_auth.#": "1",
                            "master_auth.0.client_certificate": "LS0tLS1CRUdJTiBDRVJUSUZJQ0FURS0tLS0tCk1JSUMyakNDQWNLZ0F3SUJBZ0lRRHlkY0gyUmttSHZzR0FDMjl0S2hEekFOQmdrcWhraUc5dzBCQVFzRkFEQXYKTVMwd0t3WURWUVFERXlRek5EazNPRGMxT1MxbU1qWTFMVFEyTmpFdFltTmpZUzA1WWpoak9EZ3pOamhoTURVdwpIaGNOTVRrd05URXpNakUxTlRRd1doY05NalF3TlRFeE1qRTFOVFF3V2pBUk1ROHdEUVlEVlFRREV3WmpiR2xsCmJuUXdnZ0VpTUEwR0NTcUdTSWIzRFFFQkFRVUFBNElCRHdBd2dnRUtBb0lCQVFDL1ljRVd0SWswQTRwbFQvd1QKMVF1UUl6eVRQVXpDd3lUNnZDMUh1NXlnMmg3YUh3YkFIZlVKV3hkeDdQbW5hUmJmWXpZTGYvbStFUlpMS3FObgpIWlFGaWdJeEt6U0VGZVVDQkpsOTBUeTNOVWY5dE1vc0xGVjVFV3JXSzNKUlNteWVWa2piSXo5ZGF2NWlhMHZUCjNiU2UyN0xObldWcUVFckVyd0l6WXkwQ25TNmR1YVZkd2Y4YTZJdjJjakF4YU9CaGVJeGMxNlRmSmFNS2x4YTAKZFRoaENZY0hKeUJGUVZGNEt6ZHRHejRCcndEbEI2eGlSYjJZb0EybUw0Y3llY3EvalpTU2x4d1ZYSDlpTmwwRApMdHBkQnhxYkVUSVJMRHNjWnNZYktXR3VOYkN6NVp2bWVqRUVNWmFqVTNZMC9ieUpUVFAzeW5mcTJiM2x6U2NSCitlNGhBZ01CQUFHakVEQU9NQXdHQTFVZEV3RUIvd1FDTUFBd0RRWUpLb1pJaHZjTkFRRUxCUUFEZ2dFQkFCdTYKamF0TzVjcHpOcnhSdDZUUktYdWo1b0ZFOVB3alI5RHE4R2JPK0w1cmZxNGhPdU9rWS9RbVgwY0FLaHVoSUUvYQpGWVVxSWU4MmJBMlMxcVlUWk9IazhxbStEV2Zod3Y3RitQRXpOWm9TVTkxUGcyME9veHV5a1pkSVdiR1FrcmRFCmdrNEU0SU9vSzJzSmdCdktpWFFxZUNtSXIrb0NSSFBCdkdvVWt1c21TMFhZdngzVTRJK1ZPWkRpUWRBT0JlZysKbWpwWXFudEpueHJuaU1pR0NySCtYT2NNQWIxVVlpWU9ud1JDTy9BTm1GVXlmdW01d2t6emxqY1Joc3RLUVhNUgpMRzJMVFBUQkpIblBtbXNaNmI0OGtCRmx5YVA5VzdmWkpwMEpua3hieUxObGlCUmo5YTlLUTl6SVE0dWpmQ0xOClc3S25iSWJtUDd5RU9JSnZWOFE9Ci0tLS0tRU5EIENFUlRJRklDQVRFLS0tLS0K",
                            "master_auth.0.client_certificate_config.#": "0",
                            "master_auth.0.client_key": "LS0tLS1CRUdJTiBSU0EgUFJJVkFURSBLRVktLS0tLQpNSUlFb3dJQkFBS0NBUUVBdjJIQkZyU0pOQU9LWlUvOEU5VUxrQ004a3oxTXdzTWsrcnd0Ujd1Y29Ob2UyaDhHCndCMzFDVnNYY2V6NXAya1czMk0yQzMvNXZoRVdTeXFqWngyVUJZb0NNU3MwaEJYbEFnU1pmZEU4dHpWSC9iVEsKTEN4VmVSRnExaXR5VVVwc25sWkkyeU0vWFdyK1ltdEwwOTIwbnR1eXpaMWxhaEJLeEs4Q00yTXRBcDB1bmJtbApYY0gvR3VpTDluSXdNV2pnWVhpTVhOZWszeVdqQ3BjV3RIVTRZUW1IQnljZ1JVRlJlQ3MzYlJzK0FhOEE1UWVzCllrVzltS0FOcGkrSE1ubkt2NDJVa3BjY0ZWeC9ZalpkQXk3YVhRY2FteEV5RVN3N0hHYkdHeWxocmpXd3MrV2IKNW5veEJER1dvMU4yTlAyOGlVMHo5OHAzNnRtOTVjMG5FZm51SVFJREFRQUJBb0lCQURzWDZCTW1zNmJINFJmZgpWcXFaQWZVRHJGU2FmUFUyWkZpM2VoUElMbGpNZ1BKQTJraS85MFZvUnhqNlh5ditHdjNuR0d6OG14VEJHZTBqCndVaTVyVmI0Z2l6RWRuYkNlKy9mazdWeHdobWY3aGE4bUNDRG4vQytIQXI5WjFNS2MvZUFGUWIxSHordEpkY2wKNGtnTkVSUnNLZzJyS0FGVC9vSTB0NjArVmt1VHpFSmFRUjNyL0JYSlh2ZzcrcjRJbEVMTUdrZzFNekJwOGpCaAo1eXB5aUJCTmMyeGpjdnE5ZnZna1VvdTBwZVdoSHlGeVlHcGFBYUVudzFjOG1aRWdGVytjN25MM3pPVDArUit4CkxZSUdmWFpnaWttNzZpbEt5TjFvcHZtaTNjaUV0L09yak8zeHFaTGlOSVpSTjlaWjlDVi9FaGVmVGdGaUtVdVAKbWVteTd2RUNnWUVBNm1RVDRuNGlqZ2Urak45VzRPR2JHUDJJVTA3N1k1dmN4OG5qS0hONHNZdHptalZ6TXhUSgorajIzNkpzaE54Z0NmNVdlZUNxNDExOVNnY25hRmdnWFI5OWg2K0N5aVFIVWxhYnFmWHNGK3lWU0h4TkVKMzF2CjdEdkxSOFdZck00Nm9BdEYwNzFVVFlic2hWZTVScm1sVktYZU8zYmU1Tkp3dkVOa3dYcDluZHNDZ1lFQTBRYWIKcGJsYVpOdHVqY1VrcnkzQnROTzNMZ1RQR3haOGx4eWZNSEFnZVR5bEFobUZ5T0VkWmRUek1xOUY5aTlkenRvWQpLa29rUUxaZ0tYTmlWZXRkQTRNVTlua0prU1RRUDdLUVJlbGVLY3VZQjM2ZExCeU54dHEzNEhtU08yS2JFTUZHCktCVzcrNTY0bWZlVVZzRk9kTCtkMVkyMGY0RGFPTVVQTjBZT0NyTUNnWUFIaDBsZ04vN3lJdXVLNk0ySWtaYUMKdWZuNyt3aDJEWmFNMEQ0OG1XRGlDd0dlaldMeTNCTVV0NURGcHQzdFFCY3NjK2pRSVVjb204WXhwd01iUEExTApZTEJyZkI4ZjZYQWprbVhydTl6WVVUMlBBL1puY2s3Ni9ueXNCSHUvNlN2VzRpWFBCRURGOExSK0gvQXlobG42Ckd3M0ZTUzhsbUdESW16Mk1QVnYxaXdLQmdGV3FPcUg1eStVbjFUQS9DcURNeE9XQ0cwRzk4TTh1TVJPUlJHQ0sKbzVSc1dVZjZBODFuRFRCTnpQb0p3VWQ2OUJ3eFg5UDlITXgwc2dacTVuTkdDWkhGNkJKM1dvZGtxZ0JoQXlYVAoxYWFWYlJJdFB1YjBNTnE5aXJ4eHRvK21BdDBrQ01lbTJLcnZ5c0kzS0ZGQjJoQ1k4MnV4THJkT3JLQzFpbDNoCjFTRm5Bb0dCQU1PT1J6aUFaY2pOUHFsTDcrMitrcXExQXorL0F5T0lVNVRWcFY3U2VZWnRJTms2MGlvQmR4YWsKZU9uWXdnWHMrRmtrYU9vWTdpaWFxZFdiYzVQdG5oU1VMYUtieEpFTy9mYnpVakU3OFpncHNHL3lvMmxxSkdCNgp4eGFCSVc2WUhVeVNiNXRJV2JGTFl5R2pua2hyU05vM09VbXZqMm1tYlRWdGs2KzZDeE1ICi0tLS0tRU5EIFJTQSBQUklWQVRFIEtFWS0tLS0tCg==",
                            "master_auth.0.cluster_ca_certificate": "LS0tLS1CRUdJTiBDRVJUSUZJQ0FURS0tLS0tCk1JSURERENDQWZTZ0F3SUJBZ0lSQUk4aHlEQXF4YjlyclJqak9vREhobk13RFFZSktvWklodmNOQVFFTEJRQXcKTHpFdE1Dc0dBMVVFQXhNa016UTVOemczTlRrdFpqSTJOUzAwTmpZeExXSmpZMkV0T1dJNFl6ZzRNelk0WVRBMQpNQjRYRFRFNU1EVXhNekl3TlRVek9Wb1hEVEkwTURVeE1USXhOVFV6T1Zvd0x6RXRNQ3NHQTFVRUF4TWtNelE1Ck56ZzNOVGt0WmpJMk5TMDBOall4TFdKalkyRXRPV0k0WXpnNE16WTRZVEExTUlJQklqQU5CZ2txaGtpRzl3MEIKQVFFRkFBT0NBUThBTUlJQkNnS0NBUUVBbExBMTZ5bzl5bk1YMncwREt0NmxqQmU0Y1V0WjJKbFV5dE5rWnhPMwpTUnNucWVaTTR0LzcvV0xPUm45ZW42aUVyTmpvZE5TWGlMVDloVmtrQWV6cWNGMXhDZ3Y5V0RxOFJ1KzNVNHVMCnRTcmpVUUdiRXFWaDNMUVNKcnJtRXNLa3JPWld2aTBLT2pONW55Z0MrT0pOemJCbi8xbmk4WmQ2NkpTTTNCUTEKR09XMFpDKzgzcEdwekYwRlZHS0VSL0RoNzBucWZ0NDlWaXcxYWI3ZlY4bEVJRDE5dUQ2T1dlbnJVZ3c5SW9UaAo0bm1MUVcrV1YvaHVFR01UdU11NDY4Vk43cVpCYzdRWFU2c0FvT254WDJHTWhJWXRibE1NeGJhL1BZUEtjYWFvCkZBdEhXSXN6RHFBQk4rS2pTcG1wYXM0bmlqcWJZeGMvWDFqeEVWT1Y0MmVkT1FJREFRQUJveU13SVRBT0JnTlYKSFE4QkFmOEVCQU1DQWdRd0R3WURWUjBUQVFIL0JBVXdBd0VCL3pBTkJna3Foa2lHOXcwQkFRc0ZBQU9DQVFFQQpZYzBPU3B0eFAzaTE1aktjaU91L2NzQkR3UkhQd05menBJZ3FUa0JxcXkyVDVLZHY2TFpBa0ZQVXBZYTVwdmsrCndrV24rU0ZOSTNFMGlQdmpLVEFKVDZnVkNEUXJXZk15SlF1aVQ3M0ZSaHV6b3RRVll6cTdQOUh4bWh2TmFrblcKQWQ0cXhrMm03alBHZWVpY2IzTXYxWmtIVlNhaTJFQytYV3VjOUZtVGJOaVNoRTdUaGtQQ2xGbEJsTlgzRkEwSAo5ZDlLQ2FzbG9CTzNQK29PTTBiT0N2aEFlbm5BTzN4K0JIK1RucTVqbWtndjdPM2g3T1VkdjF2bTdLUm5QOXFaCmZRS3pReW9BMUpRc25pMmJJekdidjNYNXF0SDZRNnA2K0ZCekF1eFNSY2pRdjNpZXlhdzdwazhSVi84WUJBQWcKc0dJaHBmTm5YL2tXYkFtVlFxLzI0UT09Ci0tLS0tRU5EIENFUlRJRklDQVRFLS0tLS0K",
                            "master_auth.0.password": "Cv62g5GX9YYLkAK7",
                            "master_auth.0.username": "admin",
                            "master_authorized_networks_config.#": "0",
                            "master_version": "1.11.8-gke.6",
                            "monitoring_service": "monitoring.googleapis.com",
                            "name": "everon-test6",
                            "network": "projects/everon-test6/global/networks/default",
                            "network_policy.#": "1",
                            "network_policy.0.enabled": "false",
                            "network_policy.0.provider": "PROVIDER_UNSPECIFIED",
                            "node_config.#": "1",
                            "node_config.0.disk_size_gb": "100",
                            "node_config.0.disk_type": "pd-standard",
                            "node_config.0.guest_accelerator.#": "0",
                            "node_config.0.image_type": "COS",
                            "node_config.0.labels.%": "0",
                            "node_config.0.local_ssd_count": "0",
                            "node_config.0.machine_type": "n1-standard-1",
                            "node_config.0.metadata.%": "0",
                            "node_config.0.min_cpu_platform": "",
                            "node_config.0.oauth_scopes.#": "6",
                            "node_config.0.oauth_scopes.1277378754": "https://www.googleapis.com/auth/monitoring",
                            "node_config.0.oauth_scopes.1632638332": "https://www.googleapis.com/auth/devstorage.read_only",
                            "node_config.0.oauth_scopes.172152165": "https://www.googleapis.com/auth/logging.write",
                            "node_config.0.oauth_scopes.316356861": "https://www.googleapis.com/auth/service.management.readonly",
                            "node_config.0.oauth_scopes.3663490875": "https://www.googleapis.com/auth/servicecontrol",
                            "node_config.0.oauth_scopes.3859019814": "https://www.googleapis.com/auth/trace.append",
                            "node_config.0.preemptible": "false",
                            "node_config.0.service_account": "default",
                            "node_config.0.tags.#": "0",
                            "node_config.0.taint.#": "0",
                            "node_config.0.workload_metadata_config.#": "0",
                            "node_locations.#": "0",
                            "node_pool.#": "1",
                            "node_pool.0.autoscaling.#": "0",
                            "node_pool.0.initial_node_count": "2",
                            "node_pool.0.instance_group_urls.#": "1",
                            "node_pool.0.instance_group_urls.0": "https://www.googleapis.com/compute/v1/projects/everon-test6/zones/us-central1-a/instanceGroupManagers/gke-everon-test6-default-pool-432b8a08-grp",
                            "node_pool.0.management.#": "1",
                            "node_pool.0.management.0.auto_repair": "false",
                            "node_pool.0.management.0.auto_upgrade": "false",
                            "node_pool.0.max_pods_per_node": "0",
                            "node_pool.0.name": "default-pool",
                            "node_pool.0.name_prefix": "",
                            "node_pool.0.node_config.#": "1",
                            "node_pool.0.node_config.0.disk_size_gb": "100",
                            "node_pool.0.node_config.0.disk_type": "pd-standard",
                            "node_pool.0.node_config.0.guest_accelerator.#": "0",
                            "node_pool.0.node_config.0.image_type": "COS",
                            "node_pool.0.node_config.0.labels.%": "0",
                            "node_pool.0.node_config.0.local_ssd_count": "0",
                            "node_pool.0.node_config.0.machine_type": "n1-standard-1",
                            "node_pool.0.node_config.0.metadata.%": "0",
                            "node_pool.0.node_config.0.min_cpu_platform": "",
                            "node_pool.0.node_config.0.oauth_scopes.#": "6",
                            "node_pool.0.node_config.0.oauth_scopes.1277378754": "https://www.googleapis.com/auth/monitoring",
                            "node_pool.0.node_config.0.oauth_scopes.1632638332": "https://www.googleapis.com/auth/devstorage.read_only",
                            "node_pool.0.node_config.0.oauth_scopes.172152165": "https://www.googleapis.com/auth/logging.write",
                            "node_pool.0.node_config.0.oauth_scopes.316356861": "https://www.googleapis.com/auth/service.management.readonly",
                            "node_pool.0.node_config.0.oauth_scopes.3663490875": "https://www.googleapis.com/auth/servicecontrol",
                            "node_pool.0.node_config.0.oauth_scopes.3859019814": "https://www.googleapis.com/auth/trace.append",
                            "node_pool.0.node_config.0.preemptible": "false",
                            "node_pool.0.node_config.0.service_account": "default",
                            "node_pool.0.node_config.0.tags.#": "0",
                            "node_pool.0.node_config.0.taint.#": "0",
                            "node_pool.0.node_config.0.workload_metadata_config.#": "0",
                            "node_pool.0.node_count": "2",
                            "node_pool.0.version": "1.11.8-gke.6",
                            "node_version": "1.11.8-gke.6",
                            "private_cluster_config.#": "0",
                            "project": "everon-test6",
                            "resource_labels.%": "0",
                            "subnetwork": "projects/everon-test6/regions/us-central1/subnetworks/default",
                            "zone": "us-central1-a"
                        },
                        "meta": {
                            "e2bfb730-ecaa-11e6-8f88-34363bc7c4c0": {
                                "create": 1800000000000,
                                "delete": 1800000000000,
                                "update": 1800000000000
                            },
                            "schema_version": "1"
                        },
                        "tainted": false
                    },
                    "deposed": [],
                    "provider": "provider.google"
                },
                "google_project_service.project": {
                    "type": "google_project_service",
                    "depends_on": [
                        "data.google_project.project"
                    ],
                    "primary": {
                        "id": "everon-test6/container.googleapis.com",
                        "attributes": {
                            "disable_dependent_services": "true",
                            "disable_on_destroy": "true",
                            "id": "everon-test6/container.googleapis.com",
                            "project": "everon-test6",
                            "service": "container.googleapis.com"
                        },
                        "meta": {},
                        "tainted": false
                    },
                    "deposed": [],
                    "provider": "provider.google"
                }
            },
            "depends_on": []
        }
    ]
}
