{
    "version": 3,
    "terraform_version": "0.11.10",
    "serial": 4,
    "lineage": "592bd83c-0fb0-a76c-5b3a-43a0fd438a51",
    "modules": [
        {
            "path": [
                "root"
            ],
            "outputs": {},
            "resources": {
                "data.google_project.project": {
                    "type": "google_project",
                    "depends_on": [],
                    "primary": {
                        "id": "everon-test6",
                        "attributes": {
                            "app_engine.#": "0",
                            "billing_account": "0066C9-E2F3C0-3550A5",
                            "folder_id": "",
                            "id": "everon-test6",
                            "labels.%": "0",
                            "name": "everon-test6",
                            "number": "1007469995248",
                            "org_id": "416135406413",
                            "project_id": "everon-test6"
                        },
                        "meta": {},
                        "tainted": false
                    },
                    "deposed": [],
                    "provider": "provider.google"
                },
                "google_project_service.project": {
                    "type": "google_project_service",
                    "depends_on": [
                        "data.google_project.project"
                    ],
                    "primary": {
                        "id": "everon-test6/container.googleapis.com",
                        "attributes": {
                            "disable_dependent_services": "true",
                            "disable_on_destroy": "true",
                            "id": "everon-test6/container.googleapis.com",
                            "project": "everon-test6",
                            "service": "container.googleapis.com"
                        },
                        "meta": {},
                        "tainted": false
                    },
                    "deposed": [],
                    "provider": "provider.google"
                }
            },
            "depends_on": []
        }
    ]
}
